
Microsoft Visual Studio Solution File, Format Version 12.00
# Visual Studio Version 16
VisualStudioVersion = 16.0.32413.511
MinimumVisualStudioVersion = 10.0.40219.1
Project("{9A19103F-16F7-4668-BE54-9A1E7A4F7556}") = "WSEI_2022_PO_Krystian_Kuska", "WSEI_2022_PO_Krystian_Kuska.csproj", "{B3E26E98-2490-4910-A1C5-E764C75AF3A6}"
EndProject
Project("{2150E333-8FDC-42A3-9474-1A3956D46DE8}") = "Solution Items", "Solution Items", "{CFD4E934-6CB3-40EF-AFCF-A449C1F3E5B2}"
	ProjectSection(SolutionItems) = preProject
		.editorconfig = .editorconfig
	EndProjectSection
EndProject
Project("{54435603-DBB4-11D2-8724-00A0C9A8B90C}") = "SnakeSetup", "..\SnakeSetup\SnakeSetup.vdproj", "{195062F0-37C3-46B2-B025-AE7AA48B1B34}"
EndProject
Global
	GlobalSection(SolutionConfigurationPlatforms) = preSolution
		Debug|Any CPU = Debug|Any CPU
		Release|Any CPU = Release|Any CPU
	EndGlobalSection
	GlobalSection(ProjectConfigurationPlatforms) = postSolution
		{B3E26E98-2490-4910-A1C5-E764C75AF3A6}.Debug|Any CPU.ActiveCfg = Debug|Any CPU
		{B3E26E98-2490-4910-A1C5-E764C75AF3A6}.Release|Any CPU.ActiveCfg = Release|Any CPU
		{B3E26E98-2490-4910-A1C5-E764C75AF3A6}.Release|Any CPU.Build.0 = Release|Any CPU
		{195062F0-37C3-46B2-B025-AE7AA48B1B34}.Debug|Any CPU.ActiveCfg = Release
		{195062F0-37C3-46B2-B025-AE7AA48B1B34}.Debug|Any CPU.Build.0 = Release
		{195062F0-37C3-46B2-B025-AE7AA48B1B34}.Release|Any CPU.ActiveCfg = Release
	EndGlobalSection
	GlobalSection(SolutionProperties) = preSolution
		HideSolutionNode = FALSE
	EndGlobalSection
	GlobalSection(ExtensibilityGlobals) = postSolution
		SolutionGuid = {F88D619F-71D3-438C-A37C-6C44AC46880E}
	EndGlobalSection
EndGlobal
