
Microsoft Visual Studio Solution File, Format Version 12.00
# Visual Studio Version 16
VisualStudioVersion = 16.0.32413.511
MinimumVisualStudioVersion = 10.0.40219.1
Project("{9A19103F-16F7-4668-BE54-9A1E7A4F7556}") = "WSEI_2022_PO_Krystian_Kuska", "WSEI_2022_PO_Krystian_Kuska.csproj", "{B3E26E98-2490-4910-A1C5-E764C75AF3A6}"
EndProject
Project("{2150E333-8FDC-42A3-9474-1A3956D46DE8}") = "Solution Items", "Solution Items", "{CFD4E934-6CB3-40EF-AFCF-A449C1F3E5B2}"
	ProjectSection(SolutionItems) = preProject
		.editorconfig = .editorconfig
	EndProjectSection
EndProject
Project("{54435603-DBB4-11D2-8724-00A0C9A8B90C}") = "Snake", "..\Snake\Snake.vdproj", "{89FFC701-13A1-41A1-A76E-4DBC685CB4F9}"
EndProject
Project("{FAE04EC0-301F-11D3-BF4B-00C04F79EFBC}") = "Snake.UnitTests", "..\Snake.UnitTests\Snake.UnitTests.csproj", "{4BBB631F-DE8E-4E72-BA40-01D8CAE0CA82}"
EndProject
Global
	GlobalSection(SolutionConfigurationPlatforms) = preSolution
		Debug|Any CPU = Debug|Any CPU
		Release|Any CPU = Release|Any CPU
	EndGlobalSection
	GlobalSection(ProjectConfigurationPlatforms) = postSolution
		{B3E26E98-2490-4910-A1C5-E764C75AF3A6}.Debug|Any CPU.ActiveCfg = Release|Any CPU
		{B3E26E98-2490-4910-A1C5-E764C75AF3A6}.Release|Any CPU.ActiveCfg = Release|Any CPU
		{B3E26E98-2490-4910-A1C5-E764C75AF3A6}.Release|Any CPU.Build.0 = Release|Any CPU
		{89FFC701-13A1-41A1-A76E-4DBC685CB4F9}.Debug|Any CPU.ActiveCfg = Debug
		{89FFC701-13A1-41A1-A76E-4DBC685CB4F9}.Release|Any CPU.ActiveCfg = Release
		{4BBB631F-DE8E-4E72-BA40-01D8CAE0CA82}.Debug|Any CPU.ActiveCfg = Debug|Any CPU
		{4BBB631F-DE8E-4E72-BA40-01D8CAE0CA82}.Debug|Any CPU.Build.0 = Debug|Any CPU
		{4BBB631F-DE8E-4E72-BA40-01D8CAE0CA82}.Release|Any CPU.ActiveCfg = Release|Any CPU
		{4BBB631F-DE8E-4E72-BA40-01D8CAE0CA82}.Release|Any CPU.Build.0 = Release|Any CPU
	EndGlobalSection
	GlobalSection(SolutionProperties) = preSolution
		HideSolutionNode = FALSE
	EndGlobalSection
	GlobalSection(ExtensibilityGlobals) = postSolution
		SolutionGuid = {F88D619F-71D3-438C-A37C-6C44AC46880E}
	EndGlobalSection
EndGlobal
